
Microsoft Visual Studio Solution File, Format Version 12.00
# Visual Studio Version 17
VisualStudioVersion = 17.0.31903.59
MinimumVisualStudioVersion = 10.0.40219.1
Project("{FAE04EC0-301F-11D3-BF4B-00C04F79EFBC}") = "FennecLabs.DotNetCli.Tests", "FennecLabs.DotNetCli.Tests\FennecLabs.DotNetCli.Tests.csproj", "{12C940BF-884C-43B5-A7B5-70F6216D0192}"
EndProject
Project("{FAE04EC0-301F-11D3-BF4B-00C04F79EFBC}") = "FennecLabs.DotNetCli", "..\src\FennecLabs.DotNetCli\FennecLabs.DotNetCli.csproj", "{CFE4B212-ED74-4ECA-97CD-F3F64E102FAA}"
EndProject
Project("{FAE04EC0-301F-11D3-BF4B-00C04F79EFBC}") = "FennecLabs.Instrumentation.Tests", "FennecLabs.Instrumentation.Tests\FennecLabs.Instrumentation.Tests.csproj", "{05A29D06-FF68-45F5-AC86-BE423CAEFB08}"
EndProject
Project("{FAE04EC0-301F-11D3-BF4B-00C04F79EFBC}") = "FennecLabs.Instrumentation", "..\src\FennecLabs.Instrumentation\FennecLabs.Instrumentation.csproj", "{13998308-623F-4FBF-BF48-9CE593150606}"
EndProject
Project("{FAE04EC0-301F-11D3-BF4B-00C04F79EFBC}") = "FennecLabs.TestUtilities", "FennecLabs.TestUtilities\FennecLabs.TestUtilities.csproj", "{0900A7F1-29A8-44EB-939C-DF9764EC37B9}"
EndProject
Project("{2150E333-8FDC-42A3-9474-1A3956D46DE8}") = "TestProjects", "TestProjects", "{66854BFA-EAEA-B2BE-FC64-F7442E819120}"
EndProject
Project("{FAE04EC0-301F-11D3-BF4B-00C04F79EFBC}") = "BasicConsole", "TestProjects\BasicConsole\BasicConsole.csproj", "{537C8445-5817-4E6B-A6CC-896F81AD1A16}"
EndProject
Project("{FAE04EC0-301F-11D3-BF4B-00C04F79EFBC}") = "FennecLabs.NuGet.Tests", "FennecLabs.NuGet.Tests\FennecLabs.NuGet.Tests.csproj", "{A37CDFE8-CA39-4B32-80AC-2D828878FD97}"
EndProject
Project("{FAE04EC0-301F-11D3-BF4B-00C04F79EFBC}") = "FennecLabs.NuGet", "..\src\FennecLabs.NuGet\FennecLabs.NuGet.csproj", "{59595ECC-E9DA-4D5A-AFF5-482799E14F79}"
EndProject
Project("{FAE04EC0-301F-11D3-BF4B-00C04F79EFBC}") = "FennecLabs.Scorecard.Tests", "FennecLabs.Scorecard.Tests\FennecLabs.Scorecard.Tests.csproj", "{25B55EC1-4E73-4BB6-8810-6C26A35F2D9E}"
EndProject
Project("{FAE04EC0-301F-11D3-BF4B-00C04F79EFBC}") = "FennecLabs.Scorecard", "..\src\FennecLabs.Scorecard\FennecLabs.Scorecard.csproj", "{75ED989A-8850-4282-8448-18E74E7B1B20}"
EndProject
Global
	GlobalSection(SolutionConfigurationPlatforms) = preSolution
		Debug|Any CPU = Debug|Any CPU
		Debug|x64 = Debug|x64
		Debug|x86 = Debug|x86
		Release|Any CPU = Release|Any CPU
		Release|x64 = Release|x64
		Release|x86 = Release|x86
	EndGlobalSection
	GlobalSection(ProjectConfigurationPlatforms) = postSolution
		{12C940BF-884C-43B5-A7B5-70F6216D0192}.Debug|Any CPU.ActiveCfg = Debug|Any CPU
		{12C940BF-884C-43B5-A7B5-70F6216D0192}.Debug|Any CPU.Build.0 = Debug|Any CPU
		{12C940BF-884C-43B5-A7B5-70F6216D0192}.Debug|x64.ActiveCfg = Debug|Any CPU
		{12C940BF-884C-43B5-A7B5-70F6216D0192}.Debug|x64.Build.0 = Debug|Any CPU
		{12C940BF-884C-43B5-A7B5-70F6216D0192}.Debug|x86.ActiveCfg = Debug|Any CPU
		{12C940BF-884C-43B5-A7B5-70F6216D0192}.Debug|x86.Build.0 = Debug|Any CPU
		{12C940BF-884C-43B5-A7B5-70F6216D0192}.Release|Any CPU.ActiveCfg = Release|Any CPU
		{12C940BF-884C-43B5-A7B5-70F6216D0192}.Release|Any CPU.Build.0 = Release|Any CPU
		{12C940BF-884C-43B5-A7B5-70F6216D0192}.Release|x64.ActiveCfg = Release|Any CPU
		{12C940BF-884C-43B5-A7B5-70F6216D0192}.Release|x64.Build.0 = Release|Any CPU
		{12C940BF-884C-43B5-A7B5-70F6216D0192}.Release|x86.ActiveCfg = Release|Any CPU
		{12C940BF-884C-43B5-A7B5-70F6216D0192}.Release|x86.Build.0 = Release|Any CPU
		{CFE4B212-ED74-4ECA-97CD-F3F64E102FAA}.Debug|Any CPU.ActiveCfg = Debug|Any CPU
		{CFE4B212-ED74-4ECA-97CD-F3F64E102FAA}.Debug|Any CPU.Build.0 = Debug|Any CPU
		{CFE4B212-ED74-4ECA-97CD-F3F64E102FAA}.Debug|x64.ActiveCfg = Debug|Any CPU
		{CFE4B212-ED74-4ECA-97CD-F3F64E102FAA}.Debug|x64.Build.0 = Debug|Any CPU
		{CFE4B212-ED74-4ECA-97CD-F3F64E102FAA}.Debug|x86.ActiveCfg = Debug|Any CPU
		{CFE4B212-ED74-4ECA-97CD-F3F64E102FAA}.Debug|x86.Build.0 = Debug|Any CPU
		{CFE4B212-ED74-4ECA-97CD-F3F64E102FAA}.Release|Any CPU.ActiveCfg = Release|Any CPU
		{CFE4B212-ED74-4ECA-97CD-F3F64E102FAA}.Release|Any CPU.Build.0 = Release|Any CPU
		{CFE4B212-ED74-4ECA-97CD-F3F64E102FAA}.Release|x64.ActiveCfg = Release|Any CPU
		{CFE4B212-ED74-4ECA-97CD-F3F64E102FAA}.Release|x64.Build.0 = Release|Any CPU
		{CFE4B212-ED74-4ECA-97CD-F3F64E102FAA}.Release|x86.ActiveCfg = Release|Any CPU
		{CFE4B212-ED74-4ECA-97CD-F3F64E102FAA}.Release|x86.Build.0 = Release|Any CPU
		{05A29D06-FF68-45F5-AC86-BE423CAEFB08}.Debug|Any CPU.ActiveCfg = Debug|Any CPU
		{05A29D06-FF68-45F5-AC86-BE423CAEFB08}.Debug|Any CPU.Build.0 = Debug|Any CPU
		{05A29D06-FF68-45F5-AC86-BE423CAEFB08}.Debug|x64.ActiveCfg = Debug|Any CPU
		{05A29D06-FF68-45F5-AC86-BE423CAEFB08}.Debug|x64.Build.0 = Debug|Any CPU
		{05A29D06-FF68-45F5-AC86-BE423CAEFB08}.Debug|x86.ActiveCfg = Debug|Any CPU
		{05A29D06-FF68-45F5-AC86-BE423CAEFB08}.Debug|x86.Build.0 = Debug|Any CPU
		{05A29D06-FF68-45F5-AC86-BE423CAEFB08}.Release|Any CPU.ActiveCfg = Release|Any CPU
		{05A29D06-FF68-45F5-AC86-BE423CAEFB08}.Release|Any CPU.Build.0 = Release|Any CPU
		{05A29D06-FF68-45F5-AC86-BE423CAEFB08}.Release|x64.ActiveCfg = Release|Any CPU
		{05A29D06-FF68-45F5-AC86-BE423CAEFB08}.Release|x64.Build.0 = Release|Any CPU
		{05A29D06-FF68-45F5-AC86-BE423CAEFB08}.Release|x86.ActiveCfg = Release|Any CPU
		{05A29D06-FF68-45F5-AC86-BE423CAEFB08}.Release|x86.Build.0 = Release|Any CPU
		{13998308-623F-4FBF-BF48-9CE593150606}.Debug|Any CPU.ActiveCfg = Debug|Any CPU
		{13998308-623F-4FBF-BF48-9CE593150606}.Debug|Any CPU.Build.0 = Debug|Any CPU
		{13998308-623F-4FBF-BF48-9CE593150606}.Debug|x64.ActiveCfg = Debug|Any CPU
		{13998308-623F-4FBF-BF48-9CE593150606}.Debug|x64.Build.0 = Debug|Any CPU
		{13998308-623F-4FBF-BF48-9CE593150606}.Debug|x86.ActiveCfg = Debug|Any CPU
		{13998308-623F-4FBF-BF48-9CE593150606}.Debug|x86.Build.0 = Debug|Any CPU
		{13998308-623F-4FBF-BF48-9CE593150606}.Release|Any CPU.ActiveCfg = Release|Any CPU
		{13998308-623F-4FBF-BF48-9CE593150606}.Release|Any CPU.Build.0 = Release|Any CPU
		{13998308-623F-4FBF-BF48-9CE593150606}.Release|x64.ActiveCfg = Release|Any CPU
		{13998308-623F-4FBF-BF48-9CE593150606}.Release|x64.Build.0 = Release|Any CPU
		{13998308-623F-4FBF-BF48-9CE593150606}.Release|x86.ActiveCfg = Release|Any CPU
		{13998308-623F-4FBF-BF48-9CE593150606}.Release|x86.Build.0 = Release|Any CPU
		{0900A7F1-29A8-44EB-939C-DF9764EC37B9}.Debug|Any CPU.ActiveCfg = Debug|Any CPU
		{0900A7F1-29A8-44EB-939C-DF9764EC37B9}.Debug|Any CPU.Build.0 = Debug|Any CPU
		{0900A7F1-29A8-44EB-939C-DF9764EC37B9}.Debug|x64.ActiveCfg = Debug|Any CPU
		{0900A7F1-29A8-44EB-939C-DF9764EC37B9}.Debug|x64.Build.0 = Debug|Any CPU
		{0900A7F1-29A8-44EB-939C-DF9764EC37B9}.Debug|x86.ActiveCfg = Debug|Any CPU
		{0900A7F1-29A8-44EB-939C-DF9764EC37B9}.Debug|x86.Build.0 = Debug|Any CPU
		{0900A7F1-29A8-44EB-939C-DF9764EC37B9}.Release|Any CPU.ActiveCfg = Release|Any CPU
		{0900A7F1-29A8-44EB-939C-DF9764EC37B9}.Release|Any CPU.Build.0 = Release|Any CPU
		{0900A7F1-29A8-44EB-939C-DF9764EC37B9}.Release|x64.ActiveCfg = Release|Any CPU
		{0900A7F1-29A8-44EB-939C-DF9764EC37B9}.Release|x64.Build.0 = Release|Any CPU
		{0900A7F1-29A8-44EB-939C-DF9764EC37B9}.Release|x86.ActiveCfg = Release|Any CPU
		{0900A7F1-29A8-44EB-939C-DF9764EC37B9}.Release|x86.Build.0 = Release|Any CPU
		{537C8445-5817-4E6B-A6CC-896F81AD1A16}.Debug|Any CPU.ActiveCfg = Debug|Any CPU
		{537C8445-5817-4E6B-A6CC-896F81AD1A16}.Debug|Any CPU.Build.0 = Debug|Any CPU
		{537C8445-5817-4E6B-A6CC-896F81AD1A16}.Debug|x64.ActiveCfg = Debug|Any CPU
		{537C8445-5817-4E6B-A6CC-896F81AD1A16}.Debug|x64.Build.0 = Debug|Any CPU
		{537C8445-5817-4E6B-A6CC-896F81AD1A16}.Debug|x86.ActiveCfg = Debug|Any CPU
		{537C8445-5817-4E6B-A6CC-896F81AD1A16}.Debug|x86.Build.0 = Debug|Any CPU
		{537C8445-5817-4E6B-A6CC-896F81AD1A16}.Release|Any CPU.ActiveCfg = Release|Any CPU
		{537C8445-5817-4E6B-A6CC-896F81AD1A16}.Release|Any CPU.Build.0 = Release|Any CPU
		{537C8445-5817-4E6B-A6CC-896F81AD1A16}.Release|x64.ActiveCfg = Release|Any CPU
		{537C8445-5817-4E6B-A6CC-896F81AD1A16}.Release|x64.Build.0 = Release|Any CPU
		{537C8445-5817-4E6B-A6CC-896F81AD1A16}.Release|x86.ActiveCfg = Release|Any CPU
		{537C8445-5817-4E6B-A6CC-896F81AD1A16}.Release|x86.Build.0 = Release|Any CPU
		{A37CDFE8-CA39-4B32-80AC-2D828878FD97}.Debug|Any CPU.ActiveCfg = Debug|Any CPU
		{A37CDFE8-CA39-4B32-80AC-2D828878FD97}.Debug|Any CPU.Build.0 = Debug|Any CPU
		{A37CDFE8-CA39-4B32-80AC-2D828878FD97}.Debug|x64.ActiveCfg = Debug|Any CPU
		{A37CDFE8-CA39-4B32-80AC-2D828878FD97}.Debug|x64.Build.0 = Debug|Any CPU
		{A37CDFE8-CA39-4B32-80AC-2D828878FD97}.Debug|x86.ActiveCfg = Debug|Any CPU
		{A37CDFE8-CA39-4B32-80AC-2D828878FD97}.Debug|x86.Build.0 = Debug|Any CPU
		{A37CDFE8-CA39-4B32-80AC-2D828878FD97}.Release|Any CPU.ActiveCfg = Release|Any CPU
		{A37CDFE8-CA39-4B32-80AC-2D828878FD97}.Release|Any CPU.Build.0 = Release|Any CPU
		{A37CDFE8-CA39-4B32-80AC-2D828878FD97}.Release|x64.ActiveCfg = Release|Any CPU
		{A37CDFE8-CA39-4B32-80AC-2D828878FD97}.Release|x64.Build.0 = Release|Any CPU
		{A37CDFE8-CA39-4B32-80AC-2D828878FD97}.Release|x86.ActiveCfg = Release|Any CPU
		{A37CDFE8-CA39-4B32-80AC-2D828878FD97}.Release|x86.Build.0 = Release|Any CPU
		{59595ECC-E9DA-4D5A-AFF5-482799E14F79}.Debug|Any CPU.ActiveCfg = Debug|Any CPU
		{59595ECC-E9DA-4D5A-AFF5-482799E14F79}.Debug|Any CPU.Build.0 = Debug|Any CPU
		{59595ECC-E9DA-4D5A-AFF5-482799E14F79}.Debug|x64.ActiveCfg = Debug|Any CPU
		{59595ECC-E9DA-4D5A-AFF5-482799E14F79}.Debug|x64.Build.0 = Debug|Any CPU
		{59595ECC-E9DA-4D5A-AFF5-482799E14F79}.Debug|x86.ActiveCfg = Debug|Any CPU
		{59595ECC-E9DA-4D5A-AFF5-482799E14F79}.Debug|x86.Build.0 = Debug|Any CPU
		{59595ECC-E9DA-4D5A-AFF5-482799E14F79}.Release|Any CPU.ActiveCfg = Release|Any CPU
		{59595ECC-E9DA-4D5A-AFF5-482799E14F79}.Release|Any CPU.Build.0 = Release|Any CPU
		{59595ECC-E9DA-4D5A-AFF5-482799E14F79}.Release|x64.ActiveCfg = Release|Any CPU
		{59595ECC-E9DA-4D5A-AFF5-482799E14F79}.Release|x64.Build.0 = Release|Any CPU
		{59595ECC-E9DA-4D5A-AFF5-482799E14F79}.Release|x86.ActiveCfg = Release|Any CPU
		{59595ECC-E9DA-4D5A-AFF5-482799E14F79}.Release|x86.Build.0 = Release|Any CPU
		{25B55EC1-4E73-4BB6-8810-6C26A35F2D9E}.Debug|Any CPU.ActiveCfg = Debug|Any CPU
		{25B55EC1-4E73-4BB6-8810-6C26A35F2D9E}.Debug|Any CPU.Build.0 = Debug|Any CPU
		{25B55EC1-4E73-4BB6-8810-6C26A35F2D9E}.Debug|x64.ActiveCfg = Debug|Any CPU
		{25B55EC1-4E73-4BB6-8810-6C26A35F2D9E}.Debug|x64.Build.0 = Debug|Any CPU
		{25B55EC1-4E73-4BB6-8810-6C26A35F2D9E}.Debug|x86.ActiveCfg = Debug|Any CPU
		{25B55EC1-4E73-4BB6-8810-6C26A35F2D9E}.Debug|x86.Build.0 = Debug|Any CPU
		{25B55EC1-4E73-4BB6-8810-6C26A35F2D9E}.Release|Any CPU.ActiveCfg = Release|Any CPU
		{25B55EC1-4E73-4BB6-8810-6C26A35F2D9E}.Release|Any CPU.Build.0 = Release|Any CPU
		{25B55EC1-4E73-4BB6-8810-6C26A35F2D9E}.Release|x64.ActiveCfg = Release|Any CPU
		{25B55EC1-4E73-4BB6-8810-6C26A35F2D9E}.Release|x64.Build.0 = Release|Any CPU
		{25B55EC1-4E73-4BB6-8810-6C26A35F2D9E}.Release|x86.ActiveCfg = Release|Any CPU
		{25B55EC1-4E73-4BB6-8810-6C26A35F2D9E}.Release|x86.Build.0 = Release|Any CPU
		{75ED989A-8850-4282-8448-18E74E7B1B20}.Debug|Any CPU.ActiveCfg = Debug|Any CPU
		{75ED989A-8850-4282-8448-18E74E7B1B20}.Debug|Any CPU.Build.0 = Debug|Any CPU
		{75ED989A-8850-4282-8448-18E74E7B1B20}.Debug|x64.ActiveCfg = Debug|Any CPU
		{75ED989A-8850-4282-8448-18E74E7B1B20}.Debug|x64.Build.0 = Debug|Any CPU
		{75ED989A-8850-4282-8448-18E74E7B1B20}.Debug|x86.ActiveCfg = Debug|Any CPU
		{75ED989A-8850-4282-8448-18E74E7B1B20}.Debug|x86.Build.0 = Debug|Any CPU
		{75ED989A-8850-4282-8448-18E74E7B1B20}.Release|Any CPU.ActiveCfg = Release|Any CPU
		{75ED989A-8850-4282-8448-18E74E7B1B20}.Release|Any CPU.Build.0 = Release|Any CPU
		{75ED989A-8850-4282-8448-18E74E7B1B20}.Release|x64.ActiveCfg = Release|Any CPU
		{75ED989A-8850-4282-8448-18E74E7B1B20}.Release|x64.Build.0 = Release|Any CPU
		{75ED989A-8850-4282-8448-18E74E7B1B20}.Release|x86.ActiveCfg = Release|Any CPU
		{75ED989A-8850-4282-8448-18E74E7B1B20}.Release|x86.Build.0 = Release|Any CPU
	EndGlobalSection
	GlobalSection(SolutionProperties) = preSolution
		HideSolutionNode = FALSE
	EndGlobalSection
	GlobalSection(NestedProjects) = preSolution
		{537C8445-5817-4E6B-A6CC-896F81AD1A16} = {66854BFA-EAEA-B2BE-FC64-F7442E819120}
	EndGlobalSection
EndGlobal
