<Solution>
  <Folder Name="/src/">
    <Project Path="src/FennecLabs.AssemblyDiff/FennecLabs.AssemblyDiff.csproj" />
    <Project Path="src/FennecLabs.Contracts/FennecLabs.Contracts.csproj" />
    <Project Path="src/FennecLabs.DotNetCli/FennecLabs.DotNetCli.csproj" />
    <Project Path="src/FennecLabs.Instrumentation/FennecLabs.Instrumentation.csproj" />
    <Project Path="src/FennecLabs.NuGet/FennecLabs.NuGet.csproj" />
    <Project Path="src/FennecLabs.Scorecard/FennecLabs.Scorecard.csproj" />
    <Project Path="src/FennecLabs.TaintAnalysis/FennecLabs.TaintAnalysis.csproj" />
  </Folder>
  <Folder Name="/src/FennecLabs.Cli/">
    <Project Path="src/FennecLabs.Cli/Fennec.csproj" />
  </Folder>
  <Folder Name="/test/">
    <Project Path="test/FennecLabs.AssemblyDiff.Tests/FennecLabs.AssemblyDiff.Tests.csproj" />
    <Project Path="test/FennecLabs.Cli.Tests/FennecLabs.Cli.Tests.csproj" />
    <Project Path="test/FennecLabs.Contracts.Tests/FennecLabs.Contracts.Tests.csproj" />
    <Project Path="test/FennecLabs.DotNetCli.Tests/FennecLabs.DotNetCli.Tests.csproj" />
    <Project Path="test/FennecLabs.Instrumentation.Tests/FennecLabs.Instrumentation.Tests.csproj" />
    <Project Path="test/FennecLabs.TaintAnalysis.Tests/FennecLabs.TaintAnalysis.Tests.csproj" />
    <Project Path="test/FennecLabs.TestUtilities/FennecLabs.TestUtilities.csproj" />
  </Folder>
  <Folder Name="/test/TestProjects/">
    <Project Path="test/TestProjects/BasicConsole/BasicConsole.csproj" />
  </Folder>
</Solution>
