
Microsoft Visual Studio Solution File, Format Version 12.00
# Visual Studio Version 17
VisualStudioVersion = 17.0.31903.59
MinimumVisualStudioVersion = 10.0.40219.1
Project("{2150E333-8FDC-42A3-9474-1A3956D46DE8}") = "src", "src", "{827E0CD3-B72D-47B6-A68D-7590B98EB39B}"
EndProject
Project("{2150E333-8FDC-42A3-9474-1A3956D46DE8}") = "FennecLabs.Cli", "FennecLabs.Cli", "{E73276BC-2871-4216-3DB0-4BCE21E67570}"
EndProject
Project("{FAE04EC0-301F-11D3-BF4B-00C04F79EFBC}") = "FennecLabs", "src\FennecLabs.Cli\FennecLabs.csproj", "{4A8E2EF3-5776-4A7C-99A2-093B1CB2B8AF}"
EndProject
Project("{FAE04EC0-301F-11D3-BF4B-00C04F79EFBC}") = "FennecLabs.Instrumentation", "src\FennecLabs.Instrumentation\FennecLabs.Instrumentation.csproj", "{4FEA8EDB-EE7D-419F-8B6B-045DB064BD4F}"
EndProject
Project("{2150E333-8FDC-42A3-9474-1A3956D46DE8}") = "test", "test", "{0C88DD14-F956-CE84-757C-A364CCF449FC}"
EndProject
Project("{FAE04EC0-301F-11D3-BF4B-00C04F79EFBC}") = "FennecLabs.Instrumentation.Tests", "test\FennecLabs.Instrumentation.Tests\FennecLabs.Instrumentation.Tests.csproj", "{AAEBAE3D-C7AC-491F-A804-4CE08249567F}"
EndProject
Project("{2150E333-8FDC-42A3-9474-1A3956D46DE8}") = "TestProjects", "TestProjects", "{E2BEB326-23DD-D6DD-B239-9757C6BA973A}"
EndProject
Project("{FAE04EC0-301F-11D3-BF4B-00C04F79EFBC}") = "BasicConsole", "test\TestProjects\BasicConsole\BasicConsole.csproj", "{2FF421AD-C4A3-4874-A76D-CC7F875D1CA8}"
EndProject
Project("{FAE04EC0-301F-11D3-BF4B-00C04F79EFBC}") = "FennecLabs.DotNetCli", "src\FennecLabs.DotNetCli\FennecLabs.DotNetCli.csproj", "{BDF0DA3D-08AC-4407-83F8-675A72F6EDF2}"
EndProject
Global
	GlobalSection(SolutionConfigurationPlatforms) = preSolution
		Debug|Any CPU = Debug|Any CPU
		Debug|x64 = Debug|x64
		Debug|x86 = Debug|x86
		Release|Any CPU = Release|Any CPU
		Release|x64 = Release|x64
		Release|x86 = Release|x86
	EndGlobalSection
	GlobalSection(ProjectConfigurationPlatforms) = postSolution
		{4A8E2EF3-5776-4A7C-99A2-093B1CB2B8AF}.Debug|Any CPU.ActiveCfg = Debug|Any CPU
		{4A8E2EF3-5776-4A7C-99A2-093B1CB2B8AF}.Debug|Any CPU.Build.0 = Debug|Any CPU
		{4A8E2EF3-5776-4A7C-99A2-093B1CB2B8AF}.Debug|x64.ActiveCfg = Debug|Any CPU
		{4A8E2EF3-5776-4A7C-99A2-093B1CB2B8AF}.Debug|x64.Build.0 = Debug|Any CPU
		{4A8E2EF3-5776-4A7C-99A2-093B1CB2B8AF}.Debug|x86.ActiveCfg = Debug|Any CPU
		{4A8E2EF3-5776-4A7C-99A2-093B1CB2B8AF}.Debug|x86.Build.0 = Debug|Any CPU
		{4A8E2EF3-5776-4A7C-99A2-093B1CB2B8AF}.Release|Any CPU.ActiveCfg = Release|Any CPU
		{4A8E2EF3-5776-4A7C-99A2-093B1CB2B8AF}.Release|Any CPU.Build.0 = Release|Any CPU
		{4A8E2EF3-5776-4A7C-99A2-093B1CB2B8AF}.Release|x64.ActiveCfg = Release|Any CPU
		{4A8E2EF3-5776-4A7C-99A2-093B1CB2B8AF}.Release|x64.Build.0 = Release|Any CPU
		{4A8E2EF3-5776-4A7C-99A2-093B1CB2B8AF}.Release|x86.ActiveCfg = Release|Any CPU
		{4A8E2EF3-5776-4A7C-99A2-093B1CB2B8AF}.Release|x86.Build.0 = Release|Any CPU
		{4FEA8EDB-EE7D-419F-8B6B-045DB064BD4F}.Debug|Any CPU.ActiveCfg = Debug|Any CPU
		{4FEA8EDB-EE7D-419F-8B6B-045DB064BD4F}.Debug|Any CPU.Build.0 = Debug|Any CPU
		{4FEA8EDB-EE7D-419F-8B6B-045DB064BD4F}.Debug|x64.ActiveCfg = Debug|Any CPU
		{4FEA8EDB-EE7D-419F-8B6B-045DB064BD4F}.Debug|x64.Build.0 = Debug|Any CPU
		{4FEA8EDB-EE7D-419F-8B6B-045DB064BD4F}.Debug|x86.ActiveCfg = Debug|Any CPU
		{4FEA8EDB-EE7D-419F-8B6B-045DB064BD4F}.Debug|x86.Build.0 = Debug|Any CPU
		{4FEA8EDB-EE7D-419F-8B6B-045DB064BD4F}.Release|Any CPU.ActiveCfg = Release|Any CPU
		{4FEA8EDB-EE7D-419F-8B6B-045DB064BD4F}.Release|Any CPU.Build.0 = Release|Any CPU
		{4FEA8EDB-EE7D-419F-8B6B-045DB064BD4F}.Release|x64.ActiveCfg = Release|Any CPU
		{4FEA8EDB-EE7D-419F-8B6B-045DB064BD4F}.Release|x64.Build.0 = Release|Any CPU
		{4FEA8EDB-EE7D-419F-8B6B-045DB064BD4F}.Release|x86.ActiveCfg = Release|Any CPU
		{4FEA8EDB-EE7D-419F-8B6B-045DB064BD4F}.Release|x86.Build.0 = Release|Any CPU
		{AAEBAE3D-C7AC-491F-A804-4CE08249567F}.Debug|Any CPU.ActiveCfg = Debug|Any CPU
		{AAEBAE3D-C7AC-491F-A804-4CE08249567F}.Debug|Any CPU.Build.0 = Debug|Any CPU
		{AAEBAE3D-C7AC-491F-A804-4CE08249567F}.Debug|x64.ActiveCfg = Debug|Any CPU
		{AAEBAE3D-C7AC-491F-A804-4CE08249567F}.Debug|x64.Build.0 = Debug|Any CPU
		{AAEBAE3D-C7AC-491F-A804-4CE08249567F}.Debug|x86.ActiveCfg = Debug|Any CPU
		{AAEBAE3D-C7AC-491F-A804-4CE08249567F}.Debug|x86.Build.0 = Debug|Any CPU
		{AAEBAE3D-C7AC-491F-A804-4CE08249567F}.Release|Any CPU.ActiveCfg = Release|Any CPU
		{AAEBAE3D-C7AC-491F-A804-4CE08249567F}.Release|Any CPU.Build.0 = Release|Any CPU
		{AAEBAE3D-C7AC-491F-A804-4CE08249567F}.Release|x64.ActiveCfg = Release|Any CPU
		{AAEBAE3D-C7AC-491F-A804-4CE08249567F}.Release|x64.Build.0 = Release|Any CPU
		{AAEBAE3D-C7AC-491F-A804-4CE08249567F}.Release|x86.ActiveCfg = Release|Any CPU
		{AAEBAE3D-C7AC-491F-A804-4CE08249567F}.Release|x86.Build.0 = Release|Any CPU
		{2FF421AD-C4A3-4874-A76D-CC7F875D1CA8}.Debug|Any CPU.ActiveCfg = Debug|Any CPU
		{2FF421AD-C4A3-4874-A76D-CC7F875D1CA8}.Debug|Any CPU.Build.0 = Debug|Any CPU
		{2FF421AD-C4A3-4874-A76D-CC7F875D1CA8}.Debug|x64.ActiveCfg = Debug|Any CPU
		{2FF421AD-C4A3-4874-A76D-CC7F875D1CA8}.Debug|x64.Build.0 = Debug|Any CPU
		{2FF421AD-C4A3-4874-A76D-CC7F875D1CA8}.Debug|x86.ActiveCfg = Debug|Any CPU
		{2FF421AD-C4A3-4874-A76D-CC7F875D1CA8}.Debug|x86.Build.0 = Debug|Any CPU
		{2FF421AD-C4A3-4874-A76D-CC7F875D1CA8}.Release|Any CPU.ActiveCfg = Release|Any CPU
		{2FF421AD-C4A3-4874-A76D-CC7F875D1CA8}.Release|Any CPU.Build.0 = Release|Any CPU
		{2FF421AD-C4A3-4874-A76D-CC7F875D1CA8}.Release|x64.ActiveCfg = Release|Any CPU
		{2FF421AD-C4A3-4874-A76D-CC7F875D1CA8}.Release|x64.Build.0 = Release|Any CPU
		{2FF421AD-C4A3-4874-A76D-CC7F875D1CA8}.Release|x86.ActiveCfg = Release|Any CPU
		{2FF421AD-C4A3-4874-A76D-CC7F875D1CA8}.Release|x86.Build.0 = Release|Any CPU
		{BDF0DA3D-08AC-4407-83F8-675A72F6EDF2}.Debug|Any CPU.ActiveCfg = Debug|Any CPU
		{BDF0DA3D-08AC-4407-83F8-675A72F6EDF2}.Debug|Any CPU.Build.0 = Debug|Any CPU
		{BDF0DA3D-08AC-4407-83F8-675A72F6EDF2}.Debug|x64.ActiveCfg = Debug|Any CPU
		{BDF0DA3D-08AC-4407-83F8-675A72F6EDF2}.Debug|x64.Build.0 = Debug|Any CPU
		{BDF0DA3D-08AC-4407-83F8-675A72F6EDF2}.Debug|x86.ActiveCfg = Debug|Any CPU
		{BDF0DA3D-08AC-4407-83F8-675A72F6EDF2}.Debug|x86.Build.0 = Debug|Any CPU
		{BDF0DA3D-08AC-4407-83F8-675A72F6EDF2}.Release|Any CPU.ActiveCfg = Release|Any CPU
		{BDF0DA3D-08AC-4407-83F8-675A72F6EDF2}.Release|Any CPU.Build.0 = Release|Any CPU
		{BDF0DA3D-08AC-4407-83F8-675A72F6EDF2}.Release|x64.ActiveCfg = Release|Any CPU
		{BDF0DA3D-08AC-4407-83F8-675A72F6EDF2}.Release|x64.Build.0 = Release|Any CPU
		{BDF0DA3D-08AC-4407-83F8-675A72F6EDF2}.Release|x86.ActiveCfg = Release|Any CPU
		{BDF0DA3D-08AC-4407-83F8-675A72F6EDF2}.Release|x86.Build.0 = Release|Any CPU
	EndGlobalSection
	GlobalSection(SolutionProperties) = preSolution
		HideSolutionNode = FALSE
	EndGlobalSection
	GlobalSection(NestedProjects) = preSolution
		{E73276BC-2871-4216-3DB0-4BCE21E67570} = {827E0CD3-B72D-47B6-A68D-7590B98EB39B}
		{4A8E2EF3-5776-4A7C-99A2-093B1CB2B8AF} = {E73276BC-2871-4216-3DB0-4BCE21E67570}
		{4FEA8EDB-EE7D-419F-8B6B-045DB064BD4F} = {827E0CD3-B72D-47B6-A68D-7590B98EB39B}
		{AAEBAE3D-C7AC-491F-A804-4CE08249567F} = {0C88DD14-F956-CE84-757C-A364CCF449FC}
		{E2BEB326-23DD-D6DD-B239-9757C6BA973A} = {0C88DD14-F956-CE84-757C-A364CCF449FC}
		{2FF421AD-C4A3-4874-A76D-CC7F875D1CA8} = {E2BEB326-23DD-D6DD-B239-9757C6BA973A}
		{BDF0DA3D-08AC-4407-83F8-675A72F6EDF2} = {827E0CD3-B72D-47B6-A68D-7590B98EB39B}
	EndGlobalSection
EndGlobal
